
Microsoft Visual Studio Solution File, Format Version 12.00
# Visual Studio Version 17
VisualStudioVersion = 17.0.31903.59
MinimumVisualStudioVersion = 10.0.40219.1
Project("{FAE04EC0-301F-11D3-BF4B-00C04F79EFBC}") = "Singleton-Pattern", "Singleton-Pattern\Singleton-Pattern.csproj", "{19BBFCF6-35CB-4B5D-B50C-BDF3A47FAB5F}"
EndProject
Project("{FAE04EC0-301F-11D3-BF4B-00C04F79EFBC}") = "Builder-Pattern", "Builder-Pattern\Builder-Pattern.csproj", "{9C71CEC7-53D7-4312-BFD6-B26BD83A0026}"
EndProject
Project("{FAE04EC0-301F-11D3-BF4B-00C04F79EFBC}") = "Decorator-Pattern", "Decorator-Pattern\Decorator-Pattern.csproj", "{D816A0E5-528F-4D52-9EB4-FCB540F95FAC}"
EndProject
Project("{FAE04EC0-301F-11D3-BF4B-00C04F79EFBC}") = "Adapter-Pattern", "Adapter-Pattern\Adapter-Pattern.csproj", "{1AF098F1-D580-4DE0-9F8F-B7857331491E}"
EndProject
Project("{FAE04EC0-301F-11D3-BF4B-00C04F79EFBC}") = "Factory-Pattern", "Factory-Pattern\Factory-Pattern.csproj", "{3073D51A-95B1-4D1C-BB0A-42F1D83C187B}"
EndProject
Project("{FAE04EC0-301F-11D3-BF4B-00C04F79EFBC}") = "Strategy-Pattern", "Strategy-Pattern\Strategy-Pattern.csproj", "{F8F4101B-F414-49BD-87CE-D3ECCBDE53A0}"
EndProject
Project("{FAE04EC0-301F-11D3-BF4B-00C04F79EFBC}") = "Proxy-Pattern", "Proxy-Pattern\Proxy-Pattern.csproj", "{0A73F316-F9A7-4187-8A91-1F29BC2CB875}"
EndProject
Global
	GlobalSection(SolutionConfigurationPlatforms) = preSolution
		Debug|Any CPU = Debug|Any CPU
		Release|Any CPU = Release|Any CPU
	EndGlobalSection
	GlobalSection(SolutionProperties) = preSolution
		HideSolutionNode = FALSE
	EndGlobalSection
	GlobalSection(ProjectConfigurationPlatforms) = postSolution
		{19BBFCF6-35CB-4B5D-B50C-BDF3A47FAB5F}.Debug|Any CPU.ActiveCfg = Debug|Any CPU
		{19BBFCF6-35CB-4B5D-B50C-BDF3A47FAB5F}.Debug|Any CPU.Build.0 = Debug|Any CPU
		{19BBFCF6-35CB-4B5D-B50C-BDF3A47FAB5F}.Release|Any CPU.ActiveCfg = Release|Any CPU
		{19BBFCF6-35CB-4B5D-B50C-BDF3A47FAB5F}.Release|Any CPU.Build.0 = Release|Any CPU
		{9C71CEC7-53D7-4312-BFD6-B26BD83A0026}.Debug|Any CPU.ActiveCfg = Debug|Any CPU
		{9C71CEC7-53D7-4312-BFD6-B26BD83A0026}.Debug|Any CPU.Build.0 = Debug|Any CPU
		{9C71CEC7-53D7-4312-BFD6-B26BD83A0026}.Release|Any CPU.ActiveCfg = Release|Any CPU
		{9C71CEC7-53D7-4312-BFD6-B26BD83A0026}.Release|Any CPU.Build.0 = Release|Any CPU
		{D816A0E5-528F-4D52-9EB4-FCB540F95FAC}.Debug|Any CPU.ActiveCfg = Debug|Any CPU
		{D816A0E5-528F-4D52-9EB4-FCB540F95FAC}.Debug|Any CPU.Build.0 = Debug|Any CPU
		{D816A0E5-528F-4D52-9EB4-FCB540F95FAC}.Release|Any CPU.ActiveCfg = Release|Any CPU
		{D816A0E5-528F-4D52-9EB4-FCB540F95FAC}.Release|Any CPU.Build.0 = Release|Any CPU
		{1AF098F1-D580-4DE0-9F8F-B7857331491E}.Debug|Any CPU.ActiveCfg = Debug|Any CPU
		{1AF098F1-D580-4DE0-9F8F-B7857331491E}.Debug|Any CPU.Build.0 = Debug|Any CPU
		{1AF098F1-D580-4DE0-9F8F-B7857331491E}.Release|Any CPU.ActiveCfg = Release|Any CPU
		{1AF098F1-D580-4DE0-9F8F-B7857331491E}.Release|Any CPU.Build.0 = Release|Any CPU
		{3073D51A-95B1-4D1C-BB0A-42F1D83C187B}.Debug|Any CPU.ActiveCfg = Debug|Any CPU
		{3073D51A-95B1-4D1C-BB0A-42F1D83C187B}.Debug|Any CPU.Build.0 = Debug|Any CPU
		{3073D51A-95B1-4D1C-BB0A-42F1D83C187B}.Release|Any CPU.ActiveCfg = Release|Any CPU
		{3073D51A-95B1-4D1C-BB0A-42F1D83C187B}.Release|Any CPU.Build.0 = Release|Any CPU
		{F8F4101B-F414-49BD-87CE-D3ECCBDE53A0}.Debug|Any CPU.ActiveCfg = Debug|Any CPU
		{F8F4101B-F414-49BD-87CE-D3ECCBDE53A0}.Debug|Any CPU.Build.0 = Debug|Any CPU
		{F8F4101B-F414-49BD-87CE-D3ECCBDE53A0}.Release|Any CPU.ActiveCfg = Release|Any CPU
		{F8F4101B-F414-49BD-87CE-D3ECCBDE53A0}.Release|Any CPU.Build.0 = Release|Any CPU
		{0A73F316-F9A7-4187-8A91-1F29BC2CB875}.Debug|Any CPU.ActiveCfg = Debug|Any CPU
		{0A73F316-F9A7-4187-8A91-1F29BC2CB875}.Debug|Any CPU.Build.0 = Debug|Any CPU
		{0A73F316-F9A7-4187-8A91-1F29BC2CB875}.Release|Any CPU.ActiveCfg = Release|Any CPU
		{0A73F316-F9A7-4187-8A91-1F29BC2CB875}.Release|Any CPU.Build.0 = Release|Any CPU
	EndGlobalSection
EndGlobal
